
Microsoft Visual Studio Solution File, Format Version 12.00
# Visual Studio 15
VisualStudioVersion = 15.0.27130.2003
MinimumVisualStudioVersion = 10.0.40219.1
Project("{FAE04EC0-301F-11D3-BF4B-00C04F79EFBC}") = "MyEvernote.Web", "MyEvernote.Web\MyEvernote.Web.csproj", "{E7CF75BC-2C72-414A-A085-C72FED3E8E51}"
EndProject
Project("{FAE04EC0-301F-11D3-BF4B-00C04F79EFBC}") = "MyEvernote.BusinessLayer", "MyEvernote.BusinessLayer\MyEvernote.BusinessLayer.csproj", "{39BD2F19-D385-49A0-96AC-04D5B5E6B449}"
EndProject
Project("{FAE04EC0-301F-11D3-BF4B-00C04F79EFBC}") = "MyEvernote.DataAccessLayer", "MyEvernote.DataAccessLayer\MyEvernote.DataAccessLayer.csproj", "{0C8848EF-F764-488D-A263-DA66D1ED7067}"
EndProject
Project("{FAE04EC0-301F-11D3-BF4B-00C04F79EFBC}") = "MyEvernote.Entities", "MyEvernote.Entities\MyEvernote.Entities.csproj", "{ED43D369-A87C-4D3D-AD0B-F4B640AD0193}"
EndProject
Project("{FAE04EC0-301F-11D3-BF4B-00C04F79EFBC}") = "MyEvernote.DTO", "MyEvernote.DTO\MyEvernote.DTO.csproj", "{FE0F4919-7AF9-4D59-A159-4359B395D05D}"
EndProject
Project("{2150E333-8FDC-42A3-9474-1A3956D46DE8}") = "_Presentation", "_Presentation", "{73900CB7-D1AD-43DC-BC44-B05B469F58EC}"
EndProject
Project("{2150E333-8FDC-42A3-9474-1A3956D46DE8}") = "Data", "Data", "{8A6F8C1D-3BB7-4874-80D5-2D2B649DF008}"
EndProject
Project("{2150E333-8FDC-42A3-9474-1A3956D46DE8}") = "Core", "Core", "{EEF9A28E-6D07-496B-BC8F-A6452E9D6961}"
EndProject
Project("{2150E333-8FDC-42A3-9474-1A3956D46DE8}") = "Business", "Business", "{D659BF46-5AE9-4B8E-A847-89B562D225BB}"
EndProject
Project("{2150E333-8FDC-42A3-9474-1A3956D46DE8}") = "Common", "Common", "{6A094B08-2BA0-4900-A991-963E17C863F0}"
EndProject
Project("{FAE04EC0-301F-11D3-BF4B-00C04F79EFBC}") = "MyEvernote.Common", "MyEvernote.Common\MyEvernote.Common.csproj", "{86846288-DB27-41A4-8461-A6FA6574FF34}"
EndProject
Global
	GlobalSection(SolutionConfigurationPlatforms) = preSolution
		Debug|Any CPU = Debug|Any CPU
		Release|Any CPU = Release|Any CPU
	EndGlobalSection
	GlobalSection(ProjectConfigurationPlatforms) = postSolution
		{E7CF75BC-2C72-414A-A085-C72FED3E8E51}.Debug|Any CPU.ActiveCfg = Debug|Any CPU
		{E7CF75BC-2C72-414A-A085-C72FED3E8E51}.Debug|Any CPU.Build.0 = Debug|Any CPU
		{E7CF75BC-2C72-414A-A085-C72FED3E8E51}.Release|Any CPU.ActiveCfg = Release|Any CPU
		{E7CF75BC-2C72-414A-A085-C72FED3E8E51}.Release|Any CPU.Build.0 = Release|Any CPU
		{39BD2F19-D385-49A0-96AC-04D5B5E6B449}.Debug|Any CPU.ActiveCfg = Debug|Any CPU
		{39BD2F19-D385-49A0-96AC-04D5B5E6B449}.Debug|Any CPU.Build.0 = Debug|Any CPU
		{39BD2F19-D385-49A0-96AC-04D5B5E6B449}.Release|Any CPU.ActiveCfg = Release|Any CPU
		{39BD2F19-D385-49A0-96AC-04D5B5E6B449}.Release|Any CPU.Build.0 = Release|Any CPU
		{0C8848EF-F764-488D-A263-DA66D1ED7067}.Debug|Any CPU.ActiveCfg = Debug|Any CPU
		{0C8848EF-F764-488D-A263-DA66D1ED7067}.Debug|Any CPU.Build.0 = Debug|Any CPU
		{0C8848EF-F764-488D-A263-DA66D1ED7067}.Release|Any CPU.ActiveCfg = Release|Any CPU
		{0C8848EF-F764-488D-A263-DA66D1ED7067}.Release|Any CPU.Build.0 = Release|Any CPU
		{ED43D369-A87C-4D3D-AD0B-F4B640AD0193}.Debug|Any CPU.ActiveCfg = Debug|Any CPU
		{ED43D369-A87C-4D3D-AD0B-F4B640AD0193}.Debug|Any CPU.Build.0 = Debug|Any CPU
		{ED43D369-A87C-4D3D-AD0B-F4B640AD0193}.Release|Any CPU.ActiveCfg = Release|Any CPU
		{ED43D369-A87C-4D3D-AD0B-F4B640AD0193}.Release|Any CPU.Build.0 = Release|Any CPU
		{FE0F4919-7AF9-4D59-A159-4359B395D05D}.Debug|Any CPU.ActiveCfg = Debug|Any CPU
		{FE0F4919-7AF9-4D59-A159-4359B395D05D}.Debug|Any CPU.Build.0 = Debug|Any CPU
		{FE0F4919-7AF9-4D59-A159-4359B395D05D}.Release|Any CPU.ActiveCfg = Release|Any CPU
		{FE0F4919-7AF9-4D59-A159-4359B395D05D}.Release|Any CPU.Build.0 = Release|Any CPU
		{86846288-DB27-41A4-8461-A6FA6574FF34}.Debug|Any CPU.ActiveCfg = Debug|Any CPU
		{86846288-DB27-41A4-8461-A6FA6574FF34}.Debug|Any CPU.Build.0 = Debug|Any CPU
		{86846288-DB27-41A4-8461-A6FA6574FF34}.Release|Any CPU.ActiveCfg = Release|Any CPU
		{86846288-DB27-41A4-8461-A6FA6574FF34}.Release|Any CPU.Build.0 = Release|Any CPU
	EndGlobalSection
	GlobalSection(SolutionProperties) = preSolution
		HideSolutionNode = FALSE
	EndGlobalSection
	GlobalSection(NestedProjects) = preSolution
		{E7CF75BC-2C72-414A-A085-C72FED3E8E51} = {73900CB7-D1AD-43DC-BC44-B05B469F58EC}
		{39BD2F19-D385-49A0-96AC-04D5B5E6B449} = {D659BF46-5AE9-4B8E-A847-89B562D225BB}
		{0C8848EF-F764-488D-A263-DA66D1ED7067} = {EEF9A28E-6D07-496B-BC8F-A6452E9D6961}
		{ED43D369-A87C-4D3D-AD0B-F4B640AD0193} = {8A6F8C1D-3BB7-4874-80D5-2D2B649DF008}
		{FE0F4919-7AF9-4D59-A159-4359B395D05D} = {8A6F8C1D-3BB7-4874-80D5-2D2B649DF008}
		{86846288-DB27-41A4-8461-A6FA6574FF34} = {6A094B08-2BA0-4900-A991-963E17C863F0}
	EndGlobalSection
	GlobalSection(ExtensibilityGlobals) = postSolution
		SolutionGuid = {CFC589BE-1D05-4F40-A05F-A07FEFADC2E6}
	EndGlobalSection
EndGlobal
